
Microsoft Visual Studio Solution File, Format Version 12.00
# Visual Studio Version 17
VisualStudioVersion = 17.12.35527.113
MinimumVisualStudioVersion = 10.0.40219.1
Project("{2150E333-8FDC-42A3-9474-1A3956D46DE8}") = "01", "01", "{C6469228-A8D5-48AE-A453-8FCBE57587D0}"
EndProject
Project("{FAE04EC0-301F-11D3-BF4B-00C04F79EFBC}") = "isNumberOddOrNot", "isNumberOddOrNot\isNumberOddOrNot.csproj", "{44DA262C-7F6D-49A3-811B-A9BB530544AE}"
EndProject
Project("{2150E333-8FDC-42A3-9474-1A3956D46DE8}") = "Shared", "Shared", "{0D1B4802-3395-4A0F-A790-4684E107C5F6}"
EndProject
Project("{FAE04EC0-301F-11D3-BF4B-00C04F79EFBC}") = "Shared", "Shared\Shared.csproj", "{B88027F3-A666-4977-8600-D53A6D98368B}"
EndProject
Project("{2150E333-8FDC-42A3-9474-1A3956D46DE8}") = "02", "02", "{725D8033-FF1E-4741-848E-99293A7E02D8}"
EndProject
Project("{FAE04EC0-301F-11D3-BF4B-00C04F79EFBC}") = "theGreathestNumber", "theGreathestNumber\theGreathestNumber.csproj", "{FE94B831-E4B4-494D-AB53-FBFB9765F1B8}"
EndProject
Project("{2150E333-8FDC-42A3-9474-1A3956D46DE8}") = "03", "03", "{00DA29D2-323D-40D4-9EE4-CEE2EA23F521}"
EndProject
Project("{FAE04EC0-301F-11D3-BF4B-00C04F79EFBC}") = "sortNumbers", "sortNumbers\sortNumbers.csproj", "{E8F2F6BF-9F83-49CE-AE5C-2F2770DFC0D6}"
EndProject
Project("{2150E333-8FDC-42A3-9474-1A3956D46DE8}") = "04", "04", "{B7001541-58AD-432A-AE0F-E63A5B0BA3DC}"
EndProject
Project("{FAE04EC0-301F-11D3-BF4B-00C04F79EFBC}") = "isMultipleOfAnother", "isMultipleOfAnother\isMultipleOfAnother.csproj", "{D3629BDF-06D6-4A02-9AF7-1462E07FC4DA}"
EndProject
Project("{2150E333-8FDC-42A3-9474-1A3956D46DE8}") = "05", "05", "{BC19C53F-E409-4452-A1B3-DDFD744ED01E}"
EndProject
Project("{FAE04EC0-301F-11D3-BF4B-00C04F79EFBC}") = "isLeapYear", "isLeapYear\isLeapYear.csproj", "{D8116864-76CC-4D17-9A2F-DD9667D55991}"
EndProject
Project("{2150E333-8FDC-42A3-9474-1A3956D46DE8}") = "06", "06", "{81DAEB7C-53EB-4B31-A59B-6E9114614746}"
EndProject
Project("{FAE04EC0-301F-11D3-BF4B-00C04F79EFBC}") = "simplePayroll", "simplePayroll\simplePayroll.csproj", "{E04358B8-431B-4DD4-8A2E-8BF79F13856D}"
EndProject
Global
	GlobalSection(SolutionConfigurationPlatforms) = preSolution
		Debug|Any CPU = Debug|Any CPU
		Release|Any CPU = Release|Any CPU
	EndGlobalSection
	GlobalSection(ProjectConfigurationPlatforms) = postSolution
		{44DA262C-7F6D-49A3-811B-A9BB530544AE}.Debug|Any CPU.ActiveCfg = Debug|Any CPU
		{44DA262C-7F6D-49A3-811B-A9BB530544AE}.Debug|Any CPU.Build.0 = Debug|Any CPU
		{44DA262C-7F6D-49A3-811B-A9BB530544AE}.Release|Any CPU.ActiveCfg = Release|Any CPU
		{44DA262C-7F6D-49A3-811B-A9BB530544AE}.Release|Any CPU.Build.0 = Release|Any CPU
		{B88027F3-A666-4977-8600-D53A6D98368B}.Debug|Any CPU.ActiveCfg = Debug|Any CPU
		{B88027F3-A666-4977-8600-D53A6D98368B}.Debug|Any CPU.Build.0 = Debug|Any CPU
		{B88027F3-A666-4977-8600-D53A6D98368B}.Release|Any CPU.ActiveCfg = Release|Any CPU
		{B88027F3-A666-4977-8600-D53A6D98368B}.Release|Any CPU.Build.0 = Release|Any CPU
		{FE94B831-E4B4-494D-AB53-FBFB9765F1B8}.Debug|Any CPU.ActiveCfg = Debug|Any CPU
		{FE94B831-E4B4-494D-AB53-FBFB9765F1B8}.Debug|Any CPU.Build.0 = Debug|Any CPU
		{FE94B831-E4B4-494D-AB53-FBFB9765F1B8}.Release|Any CPU.ActiveCfg = Release|Any CPU
		{FE94B831-E4B4-494D-AB53-FBFB9765F1B8}.Release|Any CPU.Build.0 = Release|Any CPU
		{E8F2F6BF-9F83-49CE-AE5C-2F2770DFC0D6}.Debug|Any CPU.ActiveCfg = Debug|Any CPU
		{E8F2F6BF-9F83-49CE-AE5C-2F2770DFC0D6}.Debug|Any CPU.Build.0 = Debug|Any CPU
		{E8F2F6BF-9F83-49CE-AE5C-2F2770DFC0D6}.Release|Any CPU.ActiveCfg = Release|Any CPU
		{E8F2F6BF-9F83-49CE-AE5C-2F2770DFC0D6}.Release|Any CPU.Build.0 = Release|Any CPU
		{D3629BDF-06D6-4A02-9AF7-1462E07FC4DA}.Debug|Any CPU.ActiveCfg = Debug|Any CPU
		{D3629BDF-06D6-4A02-9AF7-1462E07FC4DA}.Debug|Any CPU.Build.0 = Debug|Any CPU
		{D3629BDF-06D6-4A02-9AF7-1462E07FC4DA}.Release|Any CPU.ActiveCfg = Release|Any CPU
		{D3629BDF-06D6-4A02-9AF7-1462E07FC4DA}.Release|Any CPU.Build.0 = Release|Any CPU
		{D8116864-76CC-4D17-9A2F-DD9667D55991}.Debug|Any CPU.ActiveCfg = Debug|Any CPU
		{D8116864-76CC-4D17-9A2F-DD9667D55991}.Debug|Any CPU.Build.0 = Debug|Any CPU
		{D8116864-76CC-4D17-9A2F-DD9667D55991}.Release|Any CPU.ActiveCfg = Release|Any CPU
		{D8116864-76CC-4D17-9A2F-DD9667D55991}.Release|Any CPU.Build.0 = Release|Any CPU
		{E04358B8-431B-4DD4-8A2E-8BF79F13856D}.Debug|Any CPU.ActiveCfg = Debug|Any CPU
		{E04358B8-431B-4DD4-8A2E-8BF79F13856D}.Debug|Any CPU.Build.0 = Debug|Any CPU
		{E04358B8-431B-4DD4-8A2E-8BF79F13856D}.Release|Any CPU.ActiveCfg = Release|Any CPU
		{E04358B8-431B-4DD4-8A2E-8BF79F13856D}.Release|Any CPU.Build.0 = Release|Any CPU
	EndGlobalSection
	GlobalSection(SolutionProperties) = preSolution
		HideSolutionNode = FALSE
	EndGlobalSection
	GlobalSection(NestedProjects) = preSolution
		{44DA262C-7F6D-49A3-811B-A9BB530544AE} = {C6469228-A8D5-48AE-A453-8FCBE57587D0}
		{B88027F3-A666-4977-8600-D53A6D98368B} = {0D1B4802-3395-4A0F-A790-4684E107C5F6}
		{FE94B831-E4B4-494D-AB53-FBFB9765F1B8} = {725D8033-FF1E-4741-848E-99293A7E02D8}
		{E8F2F6BF-9F83-49CE-AE5C-2F2770DFC0D6} = {00DA29D2-323D-40D4-9EE4-CEE2EA23F521}
		{D3629BDF-06D6-4A02-9AF7-1462E07FC4DA} = {B7001541-58AD-432A-AE0F-E63A5B0BA3DC}
		{D8116864-76CC-4D17-9A2F-DD9667D55991} = {BC19C53F-E409-4452-A1B3-DDFD744ED01E}
		{E04358B8-431B-4DD4-8A2E-8BF79F13856D} = {81DAEB7C-53EB-4B31-A59B-6E9114614746}
	EndGlobalSection
EndGlobal
